
Microsoft Visual Studio Solution File, Format Version 12.00
# Visual Studio Version 17
VisualStudioVersion = 17.10.34928.147
MinimumVisualStudioVersion = 10.0.40219.1
Project("{9A19103F-16F7-4668-BE54-9A1E7A4F7556}") = "Exercicio_01", "AulaCSHARP\Exercicio_01.csproj", "{0FB33C89-A7B3-492B-8974-31AF41057319}"
EndProject
Project("{9A19103F-16F7-4668-BE54-9A1E7A4F7556}") = "Exercicio_02", "Exercicio_02\Exercicio_02.csproj", "{5AE23DE2-26A6-46F7-850F-6763B493E1DC}"
EndProject
Project("{9A19103F-16F7-4668-BE54-9A1E7A4F7556}") = "Exercicio_03", "Exercicio_03\Exercicio_03.csproj", "{4470B878-E664-4DEA-828F-6B3B52D5373B}"
EndProject
Project("{9A19103F-16F7-4668-BE54-9A1E7A4F7556}") = "Exercicio_04", "Exercicio_04\Exercicio_04.csproj", "{C4D6038B-D23E-4EF1-B4A9-D97410BC5A24}"
EndProject
Project("{9A19103F-16F7-4668-BE54-9A1E7A4F7556}") = "Exercicio_05", "Exercicio_05\Exercicio_05.csproj", "{5EA1B3BC-9101-427E-97D9-7109CC079598}"
EndProject
Project("{9A19103F-16F7-4668-BE54-9A1E7A4F7556}") = "Exercicio_06", "Exercicio_06\Exercicio_06.csproj", "{252029DE-3365-4692-9C5E-3A707745CC4D}"
EndProject
Project("{9A19103F-16F7-4668-BE54-9A1E7A4F7556}") = "Exercicio_07", "Exercicio_07\Exercicio_07.csproj", "{36ABA7FE-77E5-4DB2-BFE5-46992B9EA8F4}"
EndProject
Project("{9A19103F-16F7-4668-BE54-9A1E7A4F7556}") = "Exercicio_08", "Exercicio_08\Exercicio_08.csproj", "{8C2C3A6B-4086-4FE0-BB76-A619D87D2495}"
EndProject
Project("{9A19103F-16F7-4668-BE54-9A1E7A4F7556}") = "Exercicio_09", "Exercicio_09\Exercicio_09.csproj", "{55CF7031-799F-4A18-9325-9C012F8A5CD3}"
EndProject
Project("{9A19103F-16F7-4668-BE54-9A1E7A4F7556}") = "Exercicio_10", "Exercicio_10\Exercicio_10.csproj", "{9141A4B9-90FB-4C25-B0C8-4B7B2BF47390}"
EndProject
Project("{9A19103F-16F7-4668-BE54-9A1E7A4F7556}") = "Exercicio_11", "Exercicio_11\Exercicio_11.csproj", "{1E0B25F3-8332-411C-9ABF-CDF83EEF3B28}"
EndProject
Project("{9A19103F-16F7-4668-BE54-9A1E7A4F7556}") = "Exercicio_12", "Exercicio_12\Exercicio_12.csproj", "{20D23386-40E1-4088-8A12-CFD20F6CB302}"
EndProject
Project("{9A19103F-16F7-4668-BE54-9A1E7A4F7556}") = "Exercicio_13", "Exercicio_13\Exercicio_13.csproj", "{3B5FCAC7-6AE6-460A-8697-88C019C3027A}"
EndProject
Project("{9A19103F-16F7-4668-BE54-9A1E7A4F7556}") = "Exercicio_14", "Exercicio_14\Exercicio_14.csproj", "{5A15D4B6-1783-4092-BD83-7C0608547A79}"
EndProject
Project("{9A19103F-16F7-4668-BE54-9A1E7A4F7556}") = "Exercicio_15", "Exercicio_15\Exercicio_15.csproj", "{24551FAB-0D9C-4C37-B9FD-6D6455EF694D}"
EndProject
Project("{9A19103F-16F7-4668-BE54-9A1E7A4F7556}") = "Exercicio_16", "Exercicio_16\Exercicio_16.csproj", "{48E63B84-15FA-4814-9433-A0475933C57A}"
EndProject
Project("{9A19103F-16F7-4668-BE54-9A1E7A4F7556}") = "Exercicio_17", "Exercicio_17\Exercicio_17.csproj", "{D2CE83AA-A650-4400-AE07-E8DD4FE1802B}"
EndProject
Project("{9A19103F-16F7-4668-BE54-9A1E7A4F7556}") = "Exercicio_18", "Exercicio_18\Exercicio_18.csproj", "{7C0671B0-0367-41EA-9C35-A9ABB097ECB2}"
EndProject
Project("{9A19103F-16F7-4668-BE54-9A1E7A4F7556}") = "Exercicio_19", "Exercicio_19\Exercicio_19.csproj", "{489BA031-08FE-4C43-BF15-3E1E6080AE95}"
EndProject
Project("{9A19103F-16F7-4668-BE54-9A1E7A4F7556}") = "Exercicio_20", "Exercicio_20\Exercicio_20.csproj", "{364BA317-334C-4CA7-ADC9-4BFDA93E4CD5}"
EndProject
Project("{9A19103F-16F7-4668-BE54-9A1E7A4F7556}") = "Exercicio_21", "Exercicio_21\Exercicio_21.csproj", "{5B6D14B1-EF48-494D-9B14-C9E4DD24F4D8}"
EndProject
Project("{9A19103F-16F7-4668-BE54-9A1E7A4F7556}") = "Exercicio_22", "Exercicio_22\Exercicio_22.csproj", "{2B1F979C-F5D7-4B88-BDAE-85554A045C8A}"
EndProject
Project("{9A19103F-16F7-4668-BE54-9A1E7A4F7556}") = "Exercicio_23", "Exercicio_23\Exercicio_23.csproj", "{4BD46563-CE0F-4E93-ADE6-BCEF8CEA048B}"
EndProject
Project("{9A19103F-16F7-4668-BE54-9A1E7A4F7556}") = "Exercicio_24", "Exercicio_24\Exercicio_24.csproj", "{A0A6DB65-925A-4D8D-936E-C6D0FAA2FCD6}"
EndProject
Project("{9A19103F-16F7-4668-BE54-9A1E7A4F7556}") = "Exercicio_25", "Exercicio_25\Exercicio_25.csproj", "{20FF0423-2ADE-49E8-9689-050715A2D8B9}"
EndProject
Project("{9A19103F-16F7-4668-BE54-9A1E7A4F7556}") = "Exercicio_26", "Exercicio_26\Exercicio_26.csproj", "{4577B7B2-5871-4713-B9D9-7C7CD6C80C99}"
EndProject
Project("{9A19103F-16F7-4668-BE54-9A1E7A4F7556}") = "Exercicio_27", "Exercicio_27\Exercicio_27.csproj", "{DCF52372-221D-4098-B652-FB3E5ABE65D0}"
EndProject
Project("{9A19103F-16F7-4668-BE54-9A1E7A4F7556}") = "Exercicio_28", "Exercicio_28\Exercicio_28.csproj", "{AF5C82E9-8782-4DE0-9600-23AE8FA0D635}"
EndProject
Project("{9A19103F-16F7-4668-BE54-9A1E7A4F7556}") = "Exercicio_29", "Exercicio_29\Exercicio_29.csproj", "{9F07F139-2F9A-441B-8BA2-F0FBA321EABF}"
EndProject
Project("{9A19103F-16F7-4668-BE54-9A1E7A4F7556}") = "Exercicio_30", "Exercicio_30\Exercicio_30.csproj", "{6E3CB669-5B25-48EC-A0A6-A61B5C345323}"
EndProject
Project("{9A19103F-16F7-4668-BE54-9A1E7A4F7556}") = "Exercicio_31", "Exercicio_31\Exercicio_31.csproj", "{88FA06DC-5F5E-4609-9C1D-6088BA9F93D9}"
EndProject
Project("{9A19103F-16F7-4668-BE54-9A1E7A4F7556}") = "Exercicio_32", "Exercicio_32\Exercicio_32.csproj", "{B319F6FC-58F9-4E8E-8460-0BA4CA613CA8}"
EndProject
Project("{9A19103F-16F7-4668-BE54-9A1E7A4F7556}") = "Exercicio_33", "Exercicio_33\Exercicio_33.csproj", "{ECB92F2F-88F3-4720-88AB-3B8B0325A109}"
EndProject
Project("{9A19103F-16F7-4668-BE54-9A1E7A4F7556}") = "Exercicio_34", "Exercicio_34\Exercicio_34.csproj", "{72DD624A-4142-4066-A8C0-59E0F616A218}"
EndProject
Project("{9A19103F-16F7-4668-BE54-9A1E7A4F7556}") = "Exercicio_35", "Exercicio_35\Exercicio_35.csproj", "{44BADA33-67AA-48A6-8B30-1AE15D679072}"
EndProject
Project("{9A19103F-16F7-4668-BE54-9A1E7A4F7556}") = "Exercicio_36", "Exercicio_36\Exercicio_36.csproj", "{0123A295-EA30-4568-A59F-129EFE84EBC5}"
EndProject
Project("{9A19103F-16F7-4668-BE54-9A1E7A4F7556}") = "Exercicio_37", "Exercicio_37\Exercicio_37.csproj", "{4EC8A4D2-6D72-4CEA-8365-5D15B1CDD05D}"
EndProject
Project("{9A19103F-16F7-4668-BE54-9A1E7A4F7556}") = "Exercicio_38", "Exercicio_38\Exercicio_38.csproj", "{5DC23EE2-74F1-484A-B588-979B1230B5CB}"
EndProject
Project("{9A19103F-16F7-4668-BE54-9A1E7A4F7556}") = "Exercicio_39", "Exercicio_39\Exercicio_39.csproj", "{32366323-F3CA-498C-824B-D0BD49C0996C}"
EndProject
Project("{9A19103F-16F7-4668-BE54-9A1E7A4F7556}") = "Exercicio_40", "Exercicio_40\Exercicio_40.csproj", "{46DD77ED-D61F-49C8-BA52-D40D3C0AA559}"
EndProject
Project("{9A19103F-16F7-4668-BE54-9A1E7A4F7556}") = "Exercicio_41", "Exercicio_41\Exercicio_41.csproj", "{E5788373-C4CF-44DA-AC15-187B11DE2EB4}"
EndProject
Project("{9A19103F-16F7-4668-BE54-9A1E7A4F7556}") = "Exercicio_42", "Exercicio_42\Exercicio_42.csproj", "{9DE9ACC8-2794-460E-BAC3-7691810D3BD8}"
EndProject
Project("{9A19103F-16F7-4668-BE54-9A1E7A4F7556}") = "Exercicio_43", "Exercicio_43\Exercicio_43.csproj", "{5461881C-8371-4D29-BF49-F070E5474BB7}"
EndProject
Project("{9A19103F-16F7-4668-BE54-9A1E7A4F7556}") = "Exercicio_44", "Exercicio_44\Exercicio_44.csproj", "{3FA45933-7141-46A2-883C-750205F7B13F}"
EndProject
Project("{9A19103F-16F7-4668-BE54-9A1E7A4F7556}") = "Exercicio_45", "Exercicio_45\Exercicio_45.csproj", "{9D74FD42-FE55-41D7-854D-1F88EF17816C}"
EndProject
Project("{9A19103F-16F7-4668-BE54-9A1E7A4F7556}") = "Exercicio_46", "Exercicio_46\Exercicio_46.csproj", "{E1C92ADA-20F2-4080-8E0B-00BB661C455C}"
EndProject
Project("{9A19103F-16F7-4668-BE54-9A1E7A4F7556}") = "Exercicio_47", "Exercicio_47\Exercicio_47.csproj", "{FADC7D12-522D-461D-B490-CE89464B3BEA}"
EndProject
Project("{9A19103F-16F7-4668-BE54-9A1E7A4F7556}") = "Exercicio_48", "Exercicio_48\Exercicio_48.csproj", "{54B58461-BC02-4DE7-B3AD-49A3EE4B7FA6}"
EndProject
Project("{9A19103F-16F7-4668-BE54-9A1E7A4F7556}") = "Exercicio_49", "Exercicio_49\Exercicio_49.csproj", "{E13A01E4-CEFE-4CF1-A953-DB42AA640B17}"
EndProject
Project("{9A19103F-16F7-4668-BE54-9A1E7A4F7556}") = "Exercicio_50", "Exercicio_50\Exercicio_50.csproj", "{48AC6821-CF44-495C-BB06-6C8445A65F00}"
EndProject
Project("{9A19103F-16F7-4668-BE54-9A1E7A4F7556}") = "Exercicio_51", "Exercicio_51\Exercicio_51.csproj", "{D350FD85-6059-44C9-9393-F79D91E4CAE0}"
EndProject
Project("{9A19103F-16F7-4668-BE54-9A1E7A4F7556}") = "Exercicio_52", "Exercicio_52\Exercicio_52.csproj", "{4426FEAB-B66F-40EF-8EF4-4F0DF6E8C691}"
EndProject
Project("{9A19103F-16F7-4668-BE54-9A1E7A4F7556}") = "Exercicio_53", "Exercicio_53\Exercicio_53.csproj", "{74D1DC08-55AE-422C-83C1-D01657D2140A}"
EndProject
Project("{9A19103F-16F7-4668-BE54-9A1E7A4F7556}") = "Exercicio_54", "Exercicio_54\Exercicio_54.csproj", "{5289052E-FF1F-4FFC-BCCE-B14A6D176586}"
EndProject
Project("{FAE04EC0-301F-11D3-BF4B-00C04F79EFBC}") = "Exercicio_55", "Exercicio_55\Exercicio_55.csproj", "{0F50B98B-5C36-4B1A-BB37-21E7A64CA68B}"
EndProject
Project("{FAE04EC0-301F-11D3-BF4B-00C04F79EFBC}") = "Exercicio_56", "Exercicio_56\Exercicio_56.csproj", "{B14768EA-B6F6-40A2-8562-59EC321CE231}"
EndProject
Global
	GlobalSection(SolutionConfigurationPlatforms) = preSolution
		Debug|Any CPU = Debug|Any CPU
		Release|Any CPU = Release|Any CPU
	EndGlobalSection
	GlobalSection(ProjectConfigurationPlatforms) = postSolution
		{0FB33C89-A7B3-492B-8974-31AF41057319}.Debug|Any CPU.ActiveCfg = Debug|Any CPU
		{0FB33C89-A7B3-492B-8974-31AF41057319}.Debug|Any CPU.Build.0 = Debug|Any CPU
		{0FB33C89-A7B3-492B-8974-31AF41057319}.Release|Any CPU.ActiveCfg = Release|Any CPU
		{0FB33C89-A7B3-492B-8974-31AF41057319}.Release|Any CPU.Build.0 = Release|Any CPU
		{5AE23DE2-26A6-46F7-850F-6763B493E1DC}.Debug|Any CPU.ActiveCfg = Debug|Any CPU
		{5AE23DE2-26A6-46F7-850F-6763B493E1DC}.Debug|Any CPU.Build.0 = Debug|Any CPU
		{5AE23DE2-26A6-46F7-850F-6763B493E1DC}.Release|Any CPU.ActiveCfg = Release|Any CPU
		{5AE23DE2-26A6-46F7-850F-6763B493E1DC}.Release|Any CPU.Build.0 = Release|Any CPU
		{4470B878-E664-4DEA-828F-6B3B52D5373B}.Debug|Any CPU.ActiveCfg = Debug|Any CPU
		{4470B878-E664-4DEA-828F-6B3B52D5373B}.Debug|Any CPU.Build.0 = Debug|Any CPU
		{4470B878-E664-4DEA-828F-6B3B52D5373B}.Release|Any CPU.ActiveCfg = Release|Any CPU
		{4470B878-E664-4DEA-828F-6B3B52D5373B}.Release|Any CPU.Build.0 = Release|Any CPU
		{C4D6038B-D23E-4EF1-B4A9-D97410BC5A24}.Debug|Any CPU.ActiveCfg = Debug|Any CPU
		{C4D6038B-D23E-4EF1-B4A9-D97410BC5A24}.Debug|Any CPU.Build.0 = Debug|Any CPU
		{C4D6038B-D23E-4EF1-B4A9-D97410BC5A24}.Release|Any CPU.ActiveCfg = Release|Any CPU
		{C4D6038B-D23E-4EF1-B4A9-D97410BC5A24}.Release|Any CPU.Build.0 = Release|Any CPU
		{5EA1B3BC-9101-427E-97D9-7109CC079598}.Debug|Any CPU.ActiveCfg = Debug|Any CPU
		{5EA1B3BC-9101-427E-97D9-7109CC079598}.Debug|Any CPU.Build.0 = Debug|Any CPU
		{5EA1B3BC-9101-427E-97D9-7109CC079598}.Release|Any CPU.ActiveCfg = Release|Any CPU
		{5EA1B3BC-9101-427E-97D9-7109CC079598}.Release|Any CPU.Build.0 = Release|Any CPU
		{252029DE-3365-4692-9C5E-3A707745CC4D}.Debug|Any CPU.ActiveCfg = Debug|Any CPU
		{252029DE-3365-4692-9C5E-3A707745CC4D}.Debug|Any CPU.Build.0 = Debug|Any CPU
		{252029DE-3365-4692-9C5E-3A707745CC4D}.Release|Any CPU.ActiveCfg = Release|Any CPU
		{252029DE-3365-4692-9C5E-3A707745CC4D}.Release|Any CPU.Build.0 = Release|Any CPU
		{36ABA7FE-77E5-4DB2-BFE5-46992B9EA8F4}.Debug|Any CPU.ActiveCfg = Debug|Any CPU
		{36ABA7FE-77E5-4DB2-BFE5-46992B9EA8F4}.Debug|Any CPU.Build.0 = Debug|Any CPU
		{36ABA7FE-77E5-4DB2-BFE5-46992B9EA8F4}.Release|Any CPU.ActiveCfg = Release|Any CPU
		{36ABA7FE-77E5-4DB2-BFE5-46992B9EA8F4}.Release|Any CPU.Build.0 = Release|Any CPU
		{8C2C3A6B-4086-4FE0-BB76-A619D87D2495}.Debug|Any CPU.ActiveCfg = Debug|Any CPU
		{8C2C3A6B-4086-4FE0-BB76-A619D87D2495}.Debug|Any CPU.Build.0 = Debug|Any CPU
		{8C2C3A6B-4086-4FE0-BB76-A619D87D2495}.Release|Any CPU.ActiveCfg = Release|Any CPU
		{8C2C3A6B-4086-4FE0-BB76-A619D87D2495}.Release|Any CPU.Build.0 = Release|Any CPU
		{55CF7031-799F-4A18-9325-9C012F8A5CD3}.Debug|Any CPU.ActiveCfg = Debug|Any CPU
		{55CF7031-799F-4A18-9325-9C012F8A5CD3}.Debug|Any CPU.Build.0 = Debug|Any CPU
		{55CF7031-799F-4A18-9325-9C012F8A5CD3}.Release|Any CPU.ActiveCfg = Release|Any CPU
		{55CF7031-799F-4A18-9325-9C012F8A5CD3}.Release|Any CPU.Build.0 = Release|Any CPU
		{9141A4B9-90FB-4C25-B0C8-4B7B2BF47390}.Debug|Any CPU.ActiveCfg = Debug|Any CPU
		{9141A4B9-90FB-4C25-B0C8-4B7B2BF47390}.Debug|Any CPU.Build.0 = Debug|Any CPU
		{9141A4B9-90FB-4C25-B0C8-4B7B2BF47390}.Release|Any CPU.ActiveCfg = Release|Any CPU
		{9141A4B9-90FB-4C25-B0C8-4B7B2BF47390}.Release|Any CPU.Build.0 = Release|Any CPU
		{1E0B25F3-8332-411C-9ABF-CDF83EEF3B28}.Debug|Any CPU.ActiveCfg = Debug|Any CPU
		{1E0B25F3-8332-411C-9ABF-CDF83EEF3B28}.Debug|Any CPU.Build.0 = Debug|Any CPU
		{1E0B25F3-8332-411C-9ABF-CDF83EEF3B28}.Release|Any CPU.ActiveCfg = Release|Any CPU
		{1E0B25F3-8332-411C-9ABF-CDF83EEF3B28}.Release|Any CPU.Build.0 = Release|Any CPU
		{20D23386-40E1-4088-8A12-CFD20F6CB302}.Debug|Any CPU.ActiveCfg = Debug|Any CPU
		{20D23386-40E1-4088-8A12-CFD20F6CB302}.Debug|Any CPU.Build.0 = Debug|Any CPU
		{20D23386-40E1-4088-8A12-CFD20F6CB302}.Release|Any CPU.ActiveCfg = Release|Any CPU
		{20D23386-40E1-4088-8A12-CFD20F6CB302}.Release|Any CPU.Build.0 = Release|Any CPU
		{3B5FCAC7-6AE6-460A-8697-88C019C3027A}.Debug|Any CPU.ActiveCfg = Debug|Any CPU
		{3B5FCAC7-6AE6-460A-8697-88C019C3027A}.Debug|Any CPU.Build.0 = Debug|Any CPU
		{3B5FCAC7-6AE6-460A-8697-88C019C3027A}.Release|Any CPU.ActiveCfg = Release|Any CPU
		{3B5FCAC7-6AE6-460A-8697-88C019C3027A}.Release|Any CPU.Build.0 = Release|Any CPU
		{5A15D4B6-1783-4092-BD83-7C0608547A79}.Debug|Any CPU.ActiveCfg = Debug|Any CPU
		{5A15D4B6-1783-4092-BD83-7C0608547A79}.Debug|Any CPU.Build.0 = Debug|Any CPU
		{5A15D4B6-1783-4092-BD83-7C0608547A79}.Release|Any CPU.ActiveCfg = Release|Any CPU
		{5A15D4B6-1783-4092-BD83-7C0608547A79}.Release|Any CPU.Build.0 = Release|Any CPU
		{24551FAB-0D9C-4C37-B9FD-6D6455EF694D}.Debug|Any CPU.ActiveCfg = Debug|Any CPU
		{24551FAB-0D9C-4C37-B9FD-6D6455EF694D}.Debug|Any CPU.Build.0 = Debug|Any CPU
		{24551FAB-0D9C-4C37-B9FD-6D6455EF694D}.Release|Any CPU.ActiveCfg = Release|Any CPU
		{24551FAB-0D9C-4C37-B9FD-6D6455EF694D}.Release|Any CPU.Build.0 = Release|Any CPU
		{48E63B84-15FA-4814-9433-A0475933C57A}.Debug|Any CPU.ActiveCfg = Debug|Any CPU
		{48E63B84-15FA-4814-9433-A0475933C57A}.Debug|Any CPU.Build.0 = Debug|Any CPU
		{48E63B84-15FA-4814-9433-A0475933C57A}.Release|Any CPU.ActiveCfg = Release|Any CPU
		{48E63B84-15FA-4814-9433-A0475933C57A}.Release|Any CPU.Build.0 = Release|Any CPU
		{D2CE83AA-A650-4400-AE07-E8DD4FE1802B}.Debug|Any CPU.ActiveCfg = Debug|Any CPU
		{D2CE83AA-A650-4400-AE07-E8DD4FE1802B}.Debug|Any CPU.Build.0 = Debug|Any CPU
		{D2CE83AA-A650-4400-AE07-E8DD4FE1802B}.Release|Any CPU.ActiveCfg = Release|Any CPU
		{D2CE83AA-A650-4400-AE07-E8DD4FE1802B}.Release|Any CPU.Build.0 = Release|Any CPU
		{7C0671B0-0367-41EA-9C35-A9ABB097ECB2}.Debug|Any CPU.ActiveCfg = Debug|Any CPU
		{7C0671B0-0367-41EA-9C35-A9ABB097ECB2}.Debug|Any CPU.Build.0 = Debug|Any CPU
		{7C0671B0-0367-41EA-9C35-A9ABB097ECB2}.Release|Any CPU.ActiveCfg = Release|Any CPU
		{7C0671B0-0367-41EA-9C35-A9ABB097ECB2}.Release|Any CPU.Build.0 = Release|Any CPU
		{489BA031-08FE-4C43-BF15-3E1E6080AE95}.Debug|Any CPU.ActiveCfg = Debug|Any CPU
		{489BA031-08FE-4C43-BF15-3E1E6080AE95}.Debug|Any CPU.Build.0 = Debug|Any CPU
		{489BA031-08FE-4C43-BF15-3E1E6080AE95}.Release|Any CPU.ActiveCfg = Release|Any CPU
		{489BA031-08FE-4C43-BF15-3E1E6080AE95}.Release|Any CPU.Build.0 = Release|Any CPU
		{364BA317-334C-4CA7-ADC9-4BFDA93E4CD5}.Debug|Any CPU.ActiveCfg = Debug|Any CPU
		{364BA317-334C-4CA7-ADC9-4BFDA93E4CD5}.Debug|Any CPU.Build.0 = Debug|Any CPU
		{364BA317-334C-4CA7-ADC9-4BFDA93E4CD5}.Release|Any CPU.ActiveCfg = Release|Any CPU
		{364BA317-334C-4CA7-ADC9-4BFDA93E4CD5}.Release|Any CPU.Build.0 = Release|Any CPU
		{5B6D14B1-EF48-494D-9B14-C9E4DD24F4D8}.Debug|Any CPU.ActiveCfg = Debug|Any CPU
		{5B6D14B1-EF48-494D-9B14-C9E4DD24F4D8}.Debug|Any CPU.Build.0 = Debug|Any CPU
		{5B6D14B1-EF48-494D-9B14-C9E4DD24F4D8}.Release|Any CPU.ActiveCfg = Release|Any CPU
		{5B6D14B1-EF48-494D-9B14-C9E4DD24F4D8}.Release|Any CPU.Build.0 = Release|Any CPU
		{2B1F979C-F5D7-4B88-BDAE-85554A045C8A}.Debug|Any CPU.ActiveCfg = Debug|Any CPU
		{2B1F979C-F5D7-4B88-BDAE-85554A045C8A}.Debug|Any CPU.Build.0 = Debug|Any CPU
		{2B1F979C-F5D7-4B88-BDAE-85554A045C8A}.Release|Any CPU.ActiveCfg = Release|Any CPU
		{2B1F979C-F5D7-4B88-BDAE-85554A045C8A}.Release|Any CPU.Build.0 = Release|Any CPU
		{4BD46563-CE0F-4E93-ADE6-BCEF8CEA048B}.Debug|Any CPU.ActiveCfg = Debug|Any CPU
		{4BD46563-CE0F-4E93-ADE6-BCEF8CEA048B}.Debug|Any CPU.Build.0 = Debug|Any CPU
		{4BD46563-CE0F-4E93-ADE6-BCEF8CEA048B}.Release|Any CPU.ActiveCfg = Release|Any CPU
		{4BD46563-CE0F-4E93-ADE6-BCEF8CEA048B}.Release|Any CPU.Build.0 = Release|Any CPU
		{A0A6DB65-925A-4D8D-936E-C6D0FAA2FCD6}.Debug|Any CPU.ActiveCfg = Debug|Any CPU
		{A0A6DB65-925A-4D8D-936E-C6D0FAA2FCD6}.Debug|Any CPU.Build.0 = Debug|Any CPU
		{A0A6DB65-925A-4D8D-936E-C6D0FAA2FCD6}.Release|Any CPU.ActiveCfg = Release|Any CPU
		{A0A6DB65-925A-4D8D-936E-C6D0FAA2FCD6}.Release|Any CPU.Build.0 = Release|Any CPU
		{20FF0423-2ADE-49E8-9689-050715A2D8B9}.Debug|Any CPU.ActiveCfg = Debug|Any CPU
		{20FF0423-2ADE-49E8-9689-050715A2D8B9}.Debug|Any CPU.Build.0 = Debug|Any CPU
		{20FF0423-2ADE-49E8-9689-050715A2D8B9}.Release|Any CPU.ActiveCfg = Release|Any CPU
		{20FF0423-2ADE-49E8-9689-050715A2D8B9}.Release|Any CPU.Build.0 = Release|Any CPU
		{4577B7B2-5871-4713-B9D9-7C7CD6C80C99}.Debug|Any CPU.ActiveCfg = Debug|Any CPU
		{4577B7B2-5871-4713-B9D9-7C7CD6C80C99}.Debug|Any CPU.Build.0 = Debug|Any CPU
		{4577B7B2-5871-4713-B9D9-7C7CD6C80C99}.Release|Any CPU.ActiveCfg = Release|Any CPU
		{4577B7B2-5871-4713-B9D9-7C7CD6C80C99}.Release|Any CPU.Build.0 = Release|Any CPU
		{DCF52372-221D-4098-B652-FB3E5ABE65D0}.Debug|Any CPU.ActiveCfg = Debug|Any CPU
		{DCF52372-221D-4098-B652-FB3E5ABE65D0}.Debug|Any CPU.Build.0 = Debug|Any CPU
		{DCF52372-221D-4098-B652-FB3E5ABE65D0}.Release|Any CPU.ActiveCfg = Release|Any CPU
		{DCF52372-221D-4098-B652-FB3E5ABE65D0}.Release|Any CPU.Build.0 = Release|Any CPU
		{AF5C82E9-8782-4DE0-9600-23AE8FA0D635}.Debug|Any CPU.ActiveCfg = Debug|Any CPU
		{AF5C82E9-8782-4DE0-9600-23AE8FA0D635}.Debug|Any CPU.Build.0 = Debug|Any CPU
		{AF5C82E9-8782-4DE0-9600-23AE8FA0D635}.Release|Any CPU.ActiveCfg = Release|Any CPU
		{AF5C82E9-8782-4DE0-9600-23AE8FA0D635}.Release|Any CPU.Build.0 = Release|Any CPU
		{9F07F139-2F9A-441B-8BA2-F0FBA321EABF}.Debug|Any CPU.ActiveCfg = Debug|Any CPU
		{9F07F139-2F9A-441B-8BA2-F0FBA321EABF}.Debug|Any CPU.Build.0 = Debug|Any CPU
		{9F07F139-2F9A-441B-8BA2-F0FBA321EABF}.Release|Any CPU.ActiveCfg = Release|Any CPU
		{9F07F139-2F9A-441B-8BA2-F0FBA321EABF}.Release|Any CPU.Build.0 = Release|Any CPU
		{6E3CB669-5B25-48EC-A0A6-A61B5C345323}.Debug|Any CPU.ActiveCfg = Debug|Any CPU
		{6E3CB669-5B25-48EC-A0A6-A61B5C345323}.Debug|Any CPU.Build.0 = Debug|Any CPU
		{6E3CB669-5B25-48EC-A0A6-A61B5C345323}.Release|Any CPU.ActiveCfg = Release|Any CPU
		{6E3CB669-5B25-48EC-A0A6-A61B5C345323}.Release|Any CPU.Build.0 = Release|Any CPU
		{88FA06DC-5F5E-4609-9C1D-6088BA9F93D9}.Debug|Any CPU.ActiveCfg = Debug|Any CPU
		{88FA06DC-5F5E-4609-9C1D-6088BA9F93D9}.Debug|Any CPU.Build.0 = Debug|Any CPU
		{88FA06DC-5F5E-4609-9C1D-6088BA9F93D9}.Release|Any CPU.ActiveCfg = Release|Any CPU
		{88FA06DC-5F5E-4609-9C1D-6088BA9F93D9}.Release|Any CPU.Build.0 = Release|Any CPU
		{B319F6FC-58F9-4E8E-8460-0BA4CA613CA8}.Debug|Any CPU.ActiveCfg = Debug|Any CPU
		{B319F6FC-58F9-4E8E-8460-0BA4CA613CA8}.Debug|Any CPU.Build.0 = Debug|Any CPU
		{B319F6FC-58F9-4E8E-8460-0BA4CA613CA8}.Release|Any CPU.ActiveCfg = Release|Any CPU
		{B319F6FC-58F9-4E8E-8460-0BA4CA613CA8}.Release|Any CPU.Build.0 = Release|Any CPU
		{ECB92F2F-88F3-4720-88AB-3B8B0325A109}.Debug|Any CPU.ActiveCfg = Debug|Any CPU
		{ECB92F2F-88F3-4720-88AB-3B8B0325A109}.Debug|Any CPU.Build.0 = Debug|Any CPU
		{ECB92F2F-88F3-4720-88AB-3B8B0325A109}.Release|Any CPU.ActiveCfg = Release|Any CPU
		{ECB92F2F-88F3-4720-88AB-3B8B0325A109}.Release|Any CPU.Build.0 = Release|Any CPU
		{72DD624A-4142-4066-A8C0-59E0F616A218}.Debug|Any CPU.ActiveCfg = Debug|Any CPU
		{72DD624A-4142-4066-A8C0-59E0F616A218}.Debug|Any CPU.Build.0 = Debug|Any CPU
		{72DD624A-4142-4066-A8C0-59E0F616A218}.Release|Any CPU.ActiveCfg = Release|Any CPU
		{72DD624A-4142-4066-A8C0-59E0F616A218}.Release|Any CPU.Build.0 = Release|Any CPU
		{44BADA33-67AA-48A6-8B30-1AE15D679072}.Debug|Any CPU.ActiveCfg = Debug|Any CPU
		{44BADA33-67AA-48A6-8B30-1AE15D679072}.Debug|Any CPU.Build.0 = Debug|Any CPU
		{44BADA33-67AA-48A6-8B30-1AE15D679072}.Release|Any CPU.ActiveCfg = Release|Any CPU
		{44BADA33-67AA-48A6-8B30-1AE15D679072}.Release|Any CPU.Build.0 = Release|Any CPU
		{0123A295-EA30-4568-A59F-129EFE84EBC5}.Debug|Any CPU.ActiveCfg = Debug|Any CPU
		{0123A295-EA30-4568-A59F-129EFE84EBC5}.Debug|Any CPU.Build.0 = Debug|Any CPU
		{0123A295-EA30-4568-A59F-129EFE84EBC5}.Release|Any CPU.ActiveCfg = Release|Any CPU
		{0123A295-EA30-4568-A59F-129EFE84EBC5}.Release|Any CPU.Build.0 = Release|Any CPU
		{4EC8A4D2-6D72-4CEA-8365-5D15B1CDD05D}.Debug|Any CPU.ActiveCfg = Debug|Any CPU
		{4EC8A4D2-6D72-4CEA-8365-5D15B1CDD05D}.Debug|Any CPU.Build.0 = Debug|Any CPU
		{4EC8A4D2-6D72-4CEA-8365-5D15B1CDD05D}.Release|Any CPU.ActiveCfg = Release|Any CPU
		{4EC8A4D2-6D72-4CEA-8365-5D15B1CDD05D}.Release|Any CPU.Build.0 = Release|Any CPU
		{5DC23EE2-74F1-484A-B588-979B1230B5CB}.Debug|Any CPU.ActiveCfg = Debug|Any CPU
		{5DC23EE2-74F1-484A-B588-979B1230B5CB}.Debug|Any CPU.Build.0 = Debug|Any CPU
		{5DC23EE2-74F1-484A-B588-979B1230B5CB}.Release|Any CPU.ActiveCfg = Release|Any CPU
		{5DC23EE2-74F1-484A-B588-979B1230B5CB}.Release|Any CPU.Build.0 = Release|Any CPU
		{32366323-F3CA-498C-824B-D0BD49C0996C}.Debug|Any CPU.ActiveCfg = Debug|Any CPU
		{32366323-F3CA-498C-824B-D0BD49C0996C}.Debug|Any CPU.Build.0 = Debug|Any CPU
		{32366323-F3CA-498C-824B-D0BD49C0996C}.Release|Any CPU.ActiveCfg = Release|Any CPU
		{32366323-F3CA-498C-824B-D0BD49C0996C}.Release|Any CPU.Build.0 = Release|Any CPU
		{46DD77ED-D61F-49C8-BA52-D40D3C0AA559}.Debug|Any CPU.ActiveCfg = Debug|Any CPU
		{46DD77ED-D61F-49C8-BA52-D40D3C0AA559}.Debug|Any CPU.Build.0 = Debug|Any CPU
		{46DD77ED-D61F-49C8-BA52-D40D3C0AA559}.Release|Any CPU.ActiveCfg = Release|Any CPU
		{46DD77ED-D61F-49C8-BA52-D40D3C0AA559}.Release|Any CPU.Build.0 = Release|Any CPU
		{E5788373-C4CF-44DA-AC15-187B11DE2EB4}.Debug|Any CPU.ActiveCfg = Debug|Any CPU
		{E5788373-C4CF-44DA-AC15-187B11DE2EB4}.Debug|Any CPU.Build.0 = Debug|Any CPU
		{E5788373-C4CF-44DA-AC15-187B11DE2EB4}.Release|Any CPU.ActiveCfg = Release|Any CPU
		{E5788373-C4CF-44DA-AC15-187B11DE2EB4}.Release|Any CPU.Build.0 = Release|Any CPU
		{9DE9ACC8-2794-460E-BAC3-7691810D3BD8}.Debug|Any CPU.ActiveCfg = Debug|Any CPU
		{9DE9ACC8-2794-460E-BAC3-7691810D3BD8}.Debug|Any CPU.Build.0 = Debug|Any CPU
		{9DE9ACC8-2794-460E-BAC3-7691810D3BD8}.Release|Any CPU.ActiveCfg = Release|Any CPU
		{9DE9ACC8-2794-460E-BAC3-7691810D3BD8}.Release|Any CPU.Build.0 = Release|Any CPU
		{5461881C-8371-4D29-BF49-F070E5474BB7}.Debug|Any CPU.ActiveCfg = Debug|Any CPU
		{5461881C-8371-4D29-BF49-F070E5474BB7}.Debug|Any CPU.Build.0 = Debug|Any CPU
		{5461881C-8371-4D29-BF49-F070E5474BB7}.Release|Any CPU.ActiveCfg = Release|Any CPU
		{5461881C-8371-4D29-BF49-F070E5474BB7}.Release|Any CPU.Build.0 = Release|Any CPU
		{3FA45933-7141-46A2-883C-750205F7B13F}.Debug|Any CPU.ActiveCfg = Debug|Any CPU
		{3FA45933-7141-46A2-883C-750205F7B13F}.Debug|Any CPU.Build.0 = Debug|Any CPU
		{3FA45933-7141-46A2-883C-750205F7B13F}.Release|Any CPU.ActiveCfg = Release|Any CPU
		{3FA45933-7141-46A2-883C-750205F7B13F}.Release|Any CPU.Build.0 = Release|Any CPU
		{9D74FD42-FE55-41D7-854D-1F88EF17816C}.Debug|Any CPU.ActiveCfg = Debug|Any CPU
		{9D74FD42-FE55-41D7-854D-1F88EF17816C}.Debug|Any CPU.Build.0 = Debug|Any CPU
		{9D74FD42-FE55-41D7-854D-1F88EF17816C}.Release|Any CPU.ActiveCfg = Release|Any CPU
		{9D74FD42-FE55-41D7-854D-1F88EF17816C}.Release|Any CPU.Build.0 = Release|Any CPU
		{E1C92ADA-20F2-4080-8E0B-00BB661C455C}.Debug|Any CPU.ActiveCfg = Debug|Any CPU
		{E1C92ADA-20F2-4080-8E0B-00BB661C455C}.Debug|Any CPU.Build.0 = Debug|Any CPU
		{E1C92ADA-20F2-4080-8E0B-00BB661C455C}.Release|Any CPU.ActiveCfg = Release|Any CPU
		{E1C92ADA-20F2-4080-8E0B-00BB661C455C}.Release|Any CPU.Build.0 = Release|Any CPU
		{FADC7D12-522D-461D-B490-CE89464B3BEA}.Debug|Any CPU.ActiveCfg = Debug|Any CPU
		{FADC7D12-522D-461D-B490-CE89464B3BEA}.Debug|Any CPU.Build.0 = Debug|Any CPU
		{FADC7D12-522D-461D-B490-CE89464B3BEA}.Release|Any CPU.ActiveCfg = Release|Any CPU
		{FADC7D12-522D-461D-B490-CE89464B3BEA}.Release|Any CPU.Build.0 = Release|Any CPU
		{54B58461-BC02-4DE7-B3AD-49A3EE4B7FA6}.Debug|Any CPU.ActiveCfg = Debug|Any CPU
		{54B58461-BC02-4DE7-B3AD-49A3EE4B7FA6}.Debug|Any CPU.Build.0 = Debug|Any CPU
		{54B58461-BC02-4DE7-B3AD-49A3EE4B7FA6}.Release|Any CPU.ActiveCfg = Release|Any CPU
		{54B58461-BC02-4DE7-B3AD-49A3EE4B7FA6}.Release|Any CPU.Build.0 = Release|Any CPU
		{E13A01E4-CEFE-4CF1-A953-DB42AA640B17}.Debug|Any CPU.ActiveCfg = Debug|Any CPU
		{E13A01E4-CEFE-4CF1-A953-DB42AA640B17}.Debug|Any CPU.Build.0 = Debug|Any CPU
		{E13A01E4-CEFE-4CF1-A953-DB42AA640B17}.Release|Any CPU.ActiveCfg = Release|Any CPU
		{E13A01E4-CEFE-4CF1-A953-DB42AA640B17}.Release|Any CPU.Build.0 = Release|Any CPU
		{48AC6821-CF44-495C-BB06-6C8445A65F00}.Debug|Any CPU.ActiveCfg = Debug|Any CPU
		{48AC6821-CF44-495C-BB06-6C8445A65F00}.Debug|Any CPU.Build.0 = Debug|Any CPU
		{48AC6821-CF44-495C-BB06-6C8445A65F00}.Release|Any CPU.ActiveCfg = Release|Any CPU
		{48AC6821-CF44-495C-BB06-6C8445A65F00}.Release|Any CPU.Build.0 = Release|Any CPU
		{D350FD85-6059-44C9-9393-F79D91E4CAE0}.Debug|Any CPU.ActiveCfg = Debug|Any CPU
		{D350FD85-6059-44C9-9393-F79D91E4CAE0}.Debug|Any CPU.Build.0 = Debug|Any CPU
		{D350FD85-6059-44C9-9393-F79D91E4CAE0}.Release|Any CPU.ActiveCfg = Release|Any CPU
		{D350FD85-6059-44C9-9393-F79D91E4CAE0}.Release|Any CPU.Build.0 = Release|Any CPU
		{4426FEAB-B66F-40EF-8EF4-4F0DF6E8C691}.Debug|Any CPU.ActiveCfg = Debug|Any CPU
		{4426FEAB-B66F-40EF-8EF4-4F0DF6E8C691}.Debug|Any CPU.Build.0 = Debug|Any CPU
		{4426FEAB-B66F-40EF-8EF4-4F0DF6E8C691}.Release|Any CPU.ActiveCfg = Release|Any CPU
		{4426FEAB-B66F-40EF-8EF4-4F0DF6E8C691}.Release|Any CPU.Build.0 = Release|Any CPU
		{74D1DC08-55AE-422C-83C1-D01657D2140A}.Debug|Any CPU.ActiveCfg = Debug|Any CPU
		{74D1DC08-55AE-422C-83C1-D01657D2140A}.Debug|Any CPU.Build.0 = Debug|Any CPU
		{74D1DC08-55AE-422C-83C1-D01657D2140A}.Release|Any CPU.ActiveCfg = Release|Any CPU
		{74D1DC08-55AE-422C-83C1-D01657D2140A}.Release|Any CPU.Build.0 = Release|Any CPU
		{5289052E-FF1F-4FFC-BCCE-B14A6D176586}.Debug|Any CPU.ActiveCfg = Debug|Any CPU
		{5289052E-FF1F-4FFC-BCCE-B14A6D176586}.Debug|Any CPU.Build.0 = Debug|Any CPU
		{5289052E-FF1F-4FFC-BCCE-B14A6D176586}.Release|Any CPU.ActiveCfg = Release|Any CPU
		{5289052E-FF1F-4FFC-BCCE-B14A6D176586}.Release|Any CPU.Build.0 = Release|Any CPU
		{0F50B98B-5C36-4B1A-BB37-21E7A64CA68B}.Debug|Any CPU.ActiveCfg = Debug|Any CPU
		{0F50B98B-5C36-4B1A-BB37-21E7A64CA68B}.Debug|Any CPU.Build.0 = Debug|Any CPU
		{0F50B98B-5C36-4B1A-BB37-21E7A64CA68B}.Release|Any CPU.ActiveCfg = Release|Any CPU
		{0F50B98B-5C36-4B1A-BB37-21E7A64CA68B}.Release|Any CPU.Build.0 = Release|Any CPU
		{B14768EA-B6F6-40A2-8562-59EC321CE231}.Debug|Any CPU.ActiveCfg = Debug|Any CPU
		{B14768EA-B6F6-40A2-8562-59EC321CE231}.Debug|Any CPU.Build.0 = Debug|Any CPU
		{B14768EA-B6F6-40A2-8562-59EC321CE231}.Release|Any CPU.ActiveCfg = Release|Any CPU
		{B14768EA-B6F6-40A2-8562-59EC321CE231}.Release|Any CPU.Build.0 = Release|Any CPU
	EndGlobalSection
	GlobalSection(SolutionProperties) = preSolution
		HideSolutionNode = FALSE
	EndGlobalSection
	GlobalSection(ExtensibilityGlobals) = postSolution
		SolutionGuid = {2713FA5F-B9F1-4590-9E75-635C4EB4A57C}
	EndGlobalSection
EndGlobal
